
Microsoft Visual Studio Solution File, Format Version 12.00
# Visual Studio Version 16
VisualStudioVersion = 16.0.31205.134
MinimumVisualStudioVersion = 10.0.40219.1
Project("{FAE04EC0-301F-11D3-BF4B-00C04F79EFBC}") = "WebApi", "WebApi\WebApi.csproj", "{27E734AF-2616-4581-90F0-447BD78EA29B}"
EndProject
Global
	GlobalSection(SolutionConfigurationPlatforms) = preSolution
		Debug|Any CPU = Debug|Any CPU
		Release|Any CPU = Release|Any CPU
	EndGlobalSection
	GlobalSection(ProjectConfigurationPlatforms) = postSolution
		{27E734AF-2616-4581-90F0-447BD78EA29B}.Debug|Any CPU.ActiveCfg = Debug|Any CPU
		{27E734AF-2616-4581-90F0-447BD78EA29B}.Debug|Any CPU.Build.0 = Debug|Any CPU
		{27E734AF-2616-4581-90F0-447BD78EA29B}.Release|Any CPU.ActiveCfg = Release|Any CPU
		{27E734AF-2616-4581-90F0-447BD78EA29B}.Release|Any CPU.Build.0 = Release|Any CPU
	EndGlobalSection
	GlobalSection(SolutionProperties) = preSolution
		HideSolutionNode = FALSE
	EndGlobalSection
	GlobalSection(ExtensibilityGlobals) = postSolution
		SolutionGuid = {47F2653B-6083-41AD-AE9C-CD31BAEE910F}
	EndGlobalSection
EndGlobal
